
Microsoft Visual Studio Solution File, Format Version 12.00
# Visual Studio Version 17
VisualStudioVersion = 17.3.32922.545
MinimumVisualStudioVersion = 10.0.40219.1
Project("{8BC9CEB8-8B4A-11D0-8D11-00A0C91BC942}") = "Worlds-Collide", "Worlds-Collide\Worlds-Collide.vcxproj", "{F5075B7D-90EA-40C8-8593-C1AA83412D37}"
EndProject
Global
	GlobalSection(SolutionConfigurationPlatforms) = preSolution
		Debug|x64 = Debug|x64
		Debug|x86 = Debug|x86
		MinSizeRel|x64 = MinSizeRel|x64
		MinSizeRel|x86 = MinSizeRel|x86
		Release|x64 = Release|x64
		Release|x86 = Release|x86
		RelWithDebInfo|x64 = RelWithDebInfo|x64
		RelWithDebInfo|x86 = RelWithDebInfo|x86
	EndGlobalSection
	GlobalSection(ProjectConfigurationPlatforms) = postSolution
		{F5075B7D-90EA-40C8-8593-C1AA83412D37}.Debug|x64.ActiveCfg = Debug|x64
		{F5075B7D-90EA-40C8-8593-C1AA83412D37}.Debug|x64.Build.0 = Debug|x64
		{F5075B7D-90EA-40C8-8593-C1AA83412D37}.Debug|x86.ActiveCfg = Debug|Win32
		{F5075B7D-90EA-40C8-8593-C1AA83412D37}.Debug|x86.Build.0 = Debug|Win32
		{F5075B7D-90EA-40C8-8593-C1AA83412D37}.MinSizeRel|x64.ActiveCfg = Release|x64
		{F5075B7D-90EA-40C8-8593-C1AA83412D37}.MinSizeRel|x64.Build.0 = Release|x64
		{F5075B7D-90EA-40C8-8593-C1AA83412D37}.MinSizeRel|x86.ActiveCfg = Release|Win32
		{F5075B7D-90EA-40C8-8593-C1AA83412D37}.MinSizeRel|x86.Build.0 = Release|Win32
		{F5075B7D-90EA-40C8-8593-C1AA83412D37}.Release|x64.ActiveCfg = Release|x64
		{F5075B7D-90EA-40C8-8593-C1AA83412D37}.Release|x64.Build.0 = Release|x64
		{F5075B7D-90EA-40C8-8593-C1AA83412D37}.Release|x86.ActiveCfg = Release|Win32
		{F5075B7D-90EA-40C8-8593-C1AA83412D37}.Release|x86.Build.0 = Release|Win32
		{F5075B7D-90EA-40C8-8593-C1AA83412D37}.RelWithDebInfo|x64.ActiveCfg = Release|x64
		{F5075B7D-90EA-40C8-8593-C1AA83412D37}.RelWithDebInfo|x64.Build.0 = Release|x64
		{F5075B7D-90EA-40C8-8593-C1AA83412D37}.RelWithDebInfo|x86.ActiveCfg = Release|Win32
		{F5075B7D-90EA-40C8-8593-C1AA83412D37}.RelWithDebInfo|x86.Build.0 = Release|Win32
	EndGlobalSection
	GlobalSection(SolutionProperties) = preSolution
		HideSolutionNode = FALSE
	EndGlobalSection
	GlobalSection(ExtensibilityGlobals) = postSolution
		SolutionGuid = {1B39A58F-F381-4B47-8BE4-BF3B4E918085}
	EndGlobalSection
EndGlobal
