
Microsoft Visual Studio Solution File, Format Version 12.00
# Visual Studio Version 17
Project("{2150E333-8FDC-42A3-9474-1A3956D46DE8}") = "CMakePredefinedTargets", "CMakePredefinedTargets", "{59254D8F-104A-3380-B2FA-EAAB198F2ED1}"
EndProject
Project("{2150E333-8FDC-42A3-9474-1A3956D46DE8}") = "GLFW3", "GLFW3", "{8147BF59-6F4E-3B87-A2BB-868C8898F156}"
EndProject
Project("{2150E333-8FDC-42A3-9474-1A3956D46DE8}") = "Examples", "GLFW3\Examples", "{D005E268-A476-3E01-BFE4-35543309313A}"
EndProject
Project("{2150E333-8FDC-42A3-9474-1A3956D46DE8}") = "Tests", "GLFW3\Tests", "{E31B5983-05C4-3969-AA45-286AAE3911BD}"
EndProject
Project("{8BC9CEB8-8B4A-11D0-8D11-00A0C91BC942}") = "ALL_BUILD", "ALL_BUILD.vcxproj", "{0A8D00DC-D26E-3EAB-9BF6-D46B3F59B1DB}"
	ProjectSection(ProjectDependencies) = postProject
		{E2B4ADA3-3155-35DD-8020-90CB99670FFE} = {E2B4ADA3-3155-35DD-8020-90CB99670FFE}
		{B5A50943-0BFD-3A52-8323-E3DD0016EF94} = {B5A50943-0BFD-3A52-8323-E3DD0016EF94}
		{DA6B2AC4-3370-3697-A57D-17F68ABEDEA4} = {DA6B2AC4-3370-3697-A57D-17F68ABEDEA4}
		{12880152-7C33-3453-80C5-4033B32C8B42} = {12880152-7C33-3453-80C5-4033B32C8B42}
		{DA39AF5B-B97E-37ED-BFD7-A1FB296F2B0F} = {DA39AF5B-B97E-37ED-BFD7-A1FB296F2B0F}
		{2A831EEE-AF22-3D76-A8C1-9C81EEA56F16} = {2A831EEE-AF22-3D76-A8C1-9C81EEA56F16}
		{C0EE7152-0485-31E3-972C-DA509F1F88FF} = {C0EE7152-0485-31E3-972C-DA509F1F88FF}
		{7A97420A-9848-313D-876B-18FB33481FE7} = {7A97420A-9848-313D-876B-18FB33481FE7}
		{B8995905-BB77-3CFF-95BC-FB5602C78227} = {B8995905-BB77-3CFF-95BC-FB5602C78227}
		{03BF5759-7E73-39EC-B360-A68F3D075AC3} = {03BF5759-7E73-39EC-B360-A68F3D075AC3}
		{2806CA77-ADEC-33DE-89D0-9E8254076F32} = {2806CA77-ADEC-33DE-89D0-9E8254076F32}
		{32489539-9F46-35BD-943F-D18982B3E9E6} = {32489539-9F46-35BD-943F-D18982B3E9E6}
		{1886F543-358C-3209-BB03-390DD2433D2E} = {1886F543-358C-3209-BB03-390DD2433D2E}
		{40B4882D-E67C-388B-B56B-AFDC0BA5B2D3} = {40B4882D-E67C-388B-B56B-AFDC0BA5B2D3}
		{2ADAA75B-6907-34DB-919B-8E3CD157FF6E} = {2ADAA75B-6907-34DB-919B-8E3CD157FF6E}
		{0EA8B75F-5C1F-3365-99F8-5C67A48CCFB3} = {0EA8B75F-5C1F-3365-99F8-5C67A48CCFB3}
		{2BD925C2-3748-3C37-B827-E8CAC7CE8DBC} = {2BD925C2-3748-3C37-B827-E8CAC7CE8DBC}
		{A642440F-7143-3FE9-9D50-FB4F94DFF89B} = {A642440F-7143-3FE9-9D50-FB4F94DFF89B}
		{22F0C4D7-9BCC-3276-A50C-5A481EB6F115} = {22F0C4D7-9BCC-3276-A50C-5A481EB6F115}
		{37068DBB-0F8B-3EDC-830B-BE3475994DD9} = {37068DBB-0F8B-3EDC-830B-BE3475994DD9}
		{D397DEEE-4B42-3D5E-82E8-9597C018C5C6} = {D397DEEE-4B42-3D5E-82E8-9597C018C5C6}
		{EF391318-B93F-34A5-AC9E-6EF18A335C5B} = {EF391318-B93F-34A5-AC9E-6EF18A335C5B}
		{07B5BF8D-09D9-3048-ADAF-530CD64210A3} = {07B5BF8D-09D9-3048-ADAF-530CD64210A3}
		{400C87E2-2F92-3A18-B174-D69E95451F0F} = {400C87E2-2F92-3A18-B174-D69E95451F0F}
		{F103E54A-1088-37B9-90F4-867A7C1DE780} = {F103E54A-1088-37B9-90F4-867A7C1DE780}
		{B22E671F-F9B6-3CA7-810F-BE142E8F636C} = {B22E671F-F9B6-3CA7-810F-BE142E8F636C}
		{1F7CFB82-5975-3C2F-9191-EC64186EB262} = {1F7CFB82-5975-3C2F-9191-EC64186EB262}
		{091E57F5-4DBF-3306-AC4B-312C96260407} = {091E57F5-4DBF-3306-AC4B-312C96260407}
		{9AFDDDF9-6012-364E-AE1B-12A221089BED} = {9AFDDDF9-6012-364E-AE1B-12A221089BED}
		{CFD3474C-035D-3562-BC65-0FDC9A6C73D0} = {CFD3474C-035D-3562-BC65-0FDC9A6C73D0}
		{E8BD98A6-77D7-35DC-8BD4-CFA20FD64836} = {E8BD98A6-77D7-35DC-8BD4-CFA20FD64836}
		{2C6BC7AD-3BFF-3AE1-8431-3D3630C93580} = {2C6BC7AD-3BFF-3AE1-8431-3D3630C93580}
		{A21DE78E-EDED-330E-8483-4C429492A143} = {A21DE78E-EDED-330E-8483-4C429492A143}
	EndProjectSection
EndProject
Project("{8BC9CEB8-8B4A-11D0-8D11-00A0C91BC942}") = "INSTALL", "INSTALL.vcxproj", "{935C5CD3-7AF7-3BEC-B658-73935FEF2D2B}"
	ProjectSection(ProjectDependencies) = postProject
		{0A8D00DC-D26E-3EAB-9BF6-D46B3F59B1DB} = {0A8D00DC-D26E-3EAB-9BF6-D46B3F59B1DB}
		{E2B4ADA3-3155-35DD-8020-90CB99670FFE} = {E2B4ADA3-3155-35DD-8020-90CB99670FFE}
	EndProjectSection
EndProject
Project("{8BC9CEB8-8B4A-11D0-8D11-00A0C91BC942}") = "ZERO_CHECK", "ZERO_CHECK.vcxproj", "{E2B4ADA3-3155-35DD-8020-90CB99670FFE}"
	ProjectSection(ProjectDependencies) = postProject
	EndProjectSection
EndProject
Project("{8BC9CEB8-8B4A-11D0-8D11-00A0C91BC942}") = "allocator", "tests\allocator.vcxproj", "{B5A50943-0BFD-3A52-8323-E3DD0016EF94}"
	ProjectSection(ProjectDependencies) = postProject
		{E2B4ADA3-3155-35DD-8020-90CB99670FFE} = {E2B4ADA3-3155-35DD-8020-90CB99670FFE}
		{03BF5759-7E73-39EC-B360-A68F3D075AC3} = {03BF5759-7E73-39EC-B360-A68F3D075AC3}
	EndProjectSection
EndProject
Project("{8BC9CEB8-8B4A-11D0-8D11-00A0C91BC942}") = "boing", "examples\boing.vcxproj", "{DA6B2AC4-3370-3697-A57D-17F68ABEDEA4}"
	ProjectSection(ProjectDependencies) = postProject
		{E2B4ADA3-3155-35DD-8020-90CB99670FFE} = {E2B4ADA3-3155-35DD-8020-90CB99670FFE}
		{03BF5759-7E73-39EC-B360-A68F3D075AC3} = {03BF5759-7E73-39EC-B360-A68F3D075AC3}
	EndProjectSection
EndProject
Project("{8BC9CEB8-8B4A-11D0-8D11-00A0C91BC942}") = "clipboard", "tests\clipboard.vcxproj", "{12880152-7C33-3453-80C5-4033B32C8B42}"
	ProjectSection(ProjectDependencies) = postProject
		{E2B4ADA3-3155-35DD-8020-90CB99670FFE} = {E2B4ADA3-3155-35DD-8020-90CB99670FFE}
		{03BF5759-7E73-39EC-B360-A68F3D075AC3} = {03BF5759-7E73-39EC-B360-A68F3D075AC3}
	EndProjectSection
EndProject
Project("{8BC9CEB8-8B4A-11D0-8D11-00A0C91BC942}") = "cursor", "tests\cursor.vcxproj", "{DA39AF5B-B97E-37ED-BFD7-A1FB296F2B0F}"
	ProjectSection(ProjectDependencies) = postProject
		{E2B4ADA3-3155-35DD-8020-90CB99670FFE} = {E2B4ADA3-3155-35DD-8020-90CB99670FFE}
		{03BF5759-7E73-39EC-B360-A68F3D075AC3} = {03BF5759-7E73-39EC-B360-A68F3D075AC3}
	EndProjectSection
EndProject
Project("{8BC9CEB8-8B4A-11D0-8D11-00A0C91BC942}") = "empty", "tests\empty.vcxproj", "{2A831EEE-AF22-3D76-A8C1-9C81EEA56F16}"
	ProjectSection(ProjectDependencies) = postProject
		{E2B4ADA3-3155-35DD-8020-90CB99670FFE} = {E2B4ADA3-3155-35DD-8020-90CB99670FFE}
		{03BF5759-7E73-39EC-B360-A68F3D075AC3} = {03BF5759-7E73-39EC-B360-A68F3D075AC3}
	EndProjectSection
EndProject
Project("{8BC9CEB8-8B4A-11D0-8D11-00A0C91BC942}") = "events", "tests\events.vcxproj", "{C0EE7152-0485-31E3-972C-DA509F1F88FF}"
	ProjectSection(ProjectDependencies) = postProject
		{E2B4ADA3-3155-35DD-8020-90CB99670FFE} = {E2B4ADA3-3155-35DD-8020-90CB99670FFE}
		{03BF5759-7E73-39EC-B360-A68F3D075AC3} = {03BF5759-7E73-39EC-B360-A68F3D075AC3}
	EndProjectSection
EndProject
Project("{8BC9CEB8-8B4A-11D0-8D11-00A0C91BC942}") = "gamma", "tests\gamma.vcxproj", "{7A97420A-9848-313D-876B-18FB33481FE7}"
	ProjectSection(ProjectDependencies) = postProject
		{E2B4ADA3-3155-35DD-8020-90CB99670FFE} = {E2B4ADA3-3155-35DD-8020-90CB99670FFE}
		{03BF5759-7E73-39EC-B360-A68F3D075AC3} = {03BF5759-7E73-39EC-B360-A68F3D075AC3}
	EndProjectSection
EndProject
Project("{8BC9CEB8-8B4A-11D0-8D11-00A0C91BC942}") = "gears", "examples\gears.vcxproj", "{B8995905-BB77-3CFF-95BC-FB5602C78227}"
	ProjectSection(ProjectDependencies) = postProject
		{E2B4ADA3-3155-35DD-8020-90CB99670FFE} = {E2B4ADA3-3155-35DD-8020-90CB99670FFE}
		{03BF5759-7E73-39EC-B360-A68F3D075AC3} = {03BF5759-7E73-39EC-B360-A68F3D075AC3}
	EndProjectSection
EndProject
Project("{8BC9CEB8-8B4A-11D0-8D11-00A0C91BC942}") = "glfw", "src\glfw.vcxproj", "{03BF5759-7E73-39EC-B360-A68F3D075AC3}"
	ProjectSection(ProjectDependencies) = postProject
		{E2B4ADA3-3155-35DD-8020-90CB99670FFE} = {E2B4ADA3-3155-35DD-8020-90CB99670FFE}
	EndProjectSection
EndProject
Project("{8BC9CEB8-8B4A-11D0-8D11-00A0C91BC942}") = "glfwinfo", "tests\glfwinfo.vcxproj", "{2806CA77-ADEC-33DE-89D0-9E8254076F32}"
	ProjectSection(ProjectDependencies) = postProject
		{E2B4ADA3-3155-35DD-8020-90CB99670FFE} = {E2B4ADA3-3155-35DD-8020-90CB99670FFE}
		{03BF5759-7E73-39EC-B360-A68F3D075AC3} = {03BF5759-7E73-39EC-B360-A68F3D075AC3}
	EndProjectSection
EndProject
Project("{8BC9CEB8-8B4A-11D0-8D11-00A0C91BC942}") = "heightmap", "examples\heightmap.vcxproj", "{32489539-9F46-35BD-943F-D18982B3E9E6}"
	ProjectSection(ProjectDependencies) = postProject
		{E2B4ADA3-3155-35DD-8020-90CB99670FFE} = {E2B4ADA3-3155-35DD-8020-90CB99670FFE}
		{03BF5759-7E73-39EC-B360-A68F3D075AC3} = {03BF5759-7E73-39EC-B360-A68F3D075AC3}
	EndProjectSection
EndProject
Project("{8BC9CEB8-8B4A-11D0-8D11-00A0C91BC942}") = "icon", "tests\icon.vcxproj", "{1886F543-358C-3209-BB03-390DD2433D2E}"
	ProjectSection(ProjectDependencies) = postProject
		{E2B4ADA3-3155-35DD-8020-90CB99670FFE} = {E2B4ADA3-3155-35DD-8020-90CB99670FFE}
		{03BF5759-7E73-39EC-B360-A68F3D075AC3} = {03BF5759-7E73-39EC-B360-A68F3D075AC3}
	EndProjectSection
EndProject
Project("{8BC9CEB8-8B4A-11D0-8D11-00A0C91BC942}") = "iconify", "tests\iconify.vcxproj", "{40B4882D-E67C-388B-B56B-AFDC0BA5B2D3}"
	ProjectSection(ProjectDependencies) = postProject
		{E2B4ADA3-3155-35DD-8020-90CB99670FFE} = {E2B4ADA3-3155-35DD-8020-90CB99670FFE}
		{03BF5759-7E73-39EC-B360-A68F3D075AC3} = {03BF5759-7E73-39EC-B360-A68F3D075AC3}
	EndProjectSection
EndProject
Project("{8BC9CEB8-8B4A-11D0-8D11-00A0C91BC942}") = "inputlag", "tests\inputlag.vcxproj", "{2ADAA75B-6907-34DB-919B-8E3CD157FF6E}"
	ProjectSection(ProjectDependencies) = postProject
		{E2B4ADA3-3155-35DD-8020-90CB99670FFE} = {E2B4ADA3-3155-35DD-8020-90CB99670FFE}
		{03BF5759-7E73-39EC-B360-A68F3D075AC3} = {03BF5759-7E73-39EC-B360-A68F3D075AC3}
	EndProjectSection
EndProject
Project("{8BC9CEB8-8B4A-11D0-8D11-00A0C91BC942}") = "joysticks", "tests\joysticks.vcxproj", "{0EA8B75F-5C1F-3365-99F8-5C67A48CCFB3}"
	ProjectSection(ProjectDependencies) = postProject
		{E2B4ADA3-3155-35DD-8020-90CB99670FFE} = {E2B4ADA3-3155-35DD-8020-90CB99670FFE}
		{03BF5759-7E73-39EC-B360-A68F3D075AC3} = {03BF5759-7E73-39EC-B360-A68F3D075AC3}
	EndProjectSection
EndProject
Project("{8BC9CEB8-8B4A-11D0-8D11-00A0C91BC942}") = "monitors", "tests\monitors.vcxproj", "{2BD925C2-3748-3C37-B827-E8CAC7CE8DBC}"
	ProjectSection(ProjectDependencies) = postProject
		{E2B4ADA3-3155-35DD-8020-90CB99670FFE} = {E2B4ADA3-3155-35DD-8020-90CB99670FFE}
		{03BF5759-7E73-39EC-B360-A68F3D075AC3} = {03BF5759-7E73-39EC-B360-A68F3D075AC3}
	EndProjectSection
EndProject
Project("{8BC9CEB8-8B4A-11D0-8D11-00A0C91BC942}") = "msaa", "tests\msaa.vcxproj", "{A642440F-7143-3FE9-9D50-FB4F94DFF89B}"
	ProjectSection(ProjectDependencies) = postProject
		{E2B4ADA3-3155-35DD-8020-90CB99670FFE} = {E2B4ADA3-3155-35DD-8020-90CB99670FFE}
		{03BF5759-7E73-39EC-B360-A68F3D075AC3} = {03BF5759-7E73-39EC-B360-A68F3D075AC3}
	EndProjectSection
EndProject
Project("{8BC9CEB8-8B4A-11D0-8D11-00A0C91BC942}") = "offscreen", "examples\offscreen.vcxproj", "{22F0C4D7-9BCC-3276-A50C-5A481EB6F115}"
	ProjectSection(ProjectDependencies) = postProject
		{E2B4ADA3-3155-35DD-8020-90CB99670FFE} = {E2B4ADA3-3155-35DD-8020-90CB99670FFE}
		{03BF5759-7E73-39EC-B360-A68F3D075AC3} = {03BF5759-7E73-39EC-B360-A68F3D075AC3}
	EndProjectSection
EndProject
Project("{8BC9CEB8-8B4A-11D0-8D11-00A0C91BC942}") = "particles", "examples\particles.vcxproj", "{37068DBB-0F8B-3EDC-830B-BE3475994DD9}"
	ProjectSection(ProjectDependencies) = postProject
		{E2B4ADA3-3155-35DD-8020-90CB99670FFE} = {E2B4ADA3-3155-35DD-8020-90CB99670FFE}
		{03BF5759-7E73-39EC-B360-A68F3D075AC3} = {03BF5759-7E73-39EC-B360-A68F3D075AC3}
	EndProjectSection
EndProject
Project("{8BC9CEB8-8B4A-11D0-8D11-00A0C91BC942}") = "reopen", "tests\reopen.vcxproj", "{D397DEEE-4B42-3D5E-82E8-9597C018C5C6}"
	ProjectSection(ProjectDependencies) = postProject
		{E2B4ADA3-3155-35DD-8020-90CB99670FFE} = {E2B4ADA3-3155-35DD-8020-90CB99670FFE}
		{03BF5759-7E73-39EC-B360-A68F3D075AC3} = {03BF5759-7E73-39EC-B360-A68F3D075AC3}
	EndProjectSection
EndProject
Project("{8BC9CEB8-8B4A-11D0-8D11-00A0C91BC942}") = "sharing", "examples\sharing.vcxproj", "{EF391318-B93F-34A5-AC9E-6EF18A335C5B}"
	ProjectSection(ProjectDependencies) = postProject
		{E2B4ADA3-3155-35DD-8020-90CB99670FFE} = {E2B4ADA3-3155-35DD-8020-90CB99670FFE}
		{03BF5759-7E73-39EC-B360-A68F3D075AC3} = {03BF5759-7E73-39EC-B360-A68F3D075AC3}
	EndProjectSection
EndProject
Project("{8BC9CEB8-8B4A-11D0-8D11-00A0C91BC942}") = "splitview", "examples\splitview.vcxproj", "{07B5BF8D-09D9-3048-ADAF-530CD64210A3}"
	ProjectSection(ProjectDependencies) = postProject
		{E2B4ADA3-3155-35DD-8020-90CB99670FFE} = {E2B4ADA3-3155-35DD-8020-90CB99670FFE}
		{03BF5759-7E73-39EC-B360-A68F3D075AC3} = {03BF5759-7E73-39EC-B360-A68F3D075AC3}
	EndProjectSection
EndProject
Project("{8BC9CEB8-8B4A-11D0-8D11-00A0C91BC942}") = "tearing", "tests\tearing.vcxproj", "{400C87E2-2F92-3A18-B174-D69E95451F0F}"
	ProjectSection(ProjectDependencies) = postProject
		{E2B4ADA3-3155-35DD-8020-90CB99670FFE} = {E2B4ADA3-3155-35DD-8020-90CB99670FFE}
		{03BF5759-7E73-39EC-B360-A68F3D075AC3} = {03BF5759-7E73-39EC-B360-A68F3D075AC3}
	EndProjectSection
EndProject
Project("{8BC9CEB8-8B4A-11D0-8D11-00A0C91BC942}") = "threads", "tests\threads.vcxproj", "{F103E54A-1088-37B9-90F4-867A7C1DE780}"
	ProjectSection(ProjectDependencies) = postProject
		{E2B4ADA3-3155-35DD-8020-90CB99670FFE} = {E2B4ADA3-3155-35DD-8020-90CB99670FFE}
		{03BF5759-7E73-39EC-B360-A68F3D075AC3} = {03BF5759-7E73-39EC-B360-A68F3D075AC3}
	EndProjectSection
EndProject
Project("{8BC9CEB8-8B4A-11D0-8D11-00A0C91BC942}") = "timeout", "tests\timeout.vcxproj", "{B22E671F-F9B6-3CA7-810F-BE142E8F636C}"
	ProjectSection(ProjectDependencies) = postProject
		{E2B4ADA3-3155-35DD-8020-90CB99670FFE} = {E2B4ADA3-3155-35DD-8020-90CB99670FFE}
		{03BF5759-7E73-39EC-B360-A68F3D075AC3} = {03BF5759-7E73-39EC-B360-A68F3D075AC3}
	EndProjectSection
EndProject
Project("{8BC9CEB8-8B4A-11D0-8D11-00A0C91BC942}") = "title", "tests\title.vcxproj", "{1F7CFB82-5975-3C2F-9191-EC64186EB262}"
	ProjectSection(ProjectDependencies) = postProject
		{E2B4ADA3-3155-35DD-8020-90CB99670FFE} = {E2B4ADA3-3155-35DD-8020-90CB99670FFE}
		{03BF5759-7E73-39EC-B360-A68F3D075AC3} = {03BF5759-7E73-39EC-B360-A68F3D075AC3}
	EndProjectSection
EndProject
Project("{8BC9CEB8-8B4A-11D0-8D11-00A0C91BC942}") = "triangle-opengl", "examples\triangle-opengl.vcxproj", "{091E57F5-4DBF-3306-AC4B-312C96260407}"
	ProjectSection(ProjectDependencies) = postProject
		{E2B4ADA3-3155-35DD-8020-90CB99670FFE} = {E2B4ADA3-3155-35DD-8020-90CB99670FFE}
		{03BF5759-7E73-39EC-B360-A68F3D075AC3} = {03BF5759-7E73-39EC-B360-A68F3D075AC3}
	EndProjectSection
EndProject
Project("{8BC9CEB8-8B4A-11D0-8D11-00A0C91BC942}") = "triangle-opengles", "examples\triangle-opengles.vcxproj", "{9AFDDDF9-6012-364E-AE1B-12A221089BED}"
	ProjectSection(ProjectDependencies) = postProject
		{E2B4ADA3-3155-35DD-8020-90CB99670FFE} = {E2B4ADA3-3155-35DD-8020-90CB99670FFE}
		{03BF5759-7E73-39EC-B360-A68F3D075AC3} = {03BF5759-7E73-39EC-B360-A68F3D075AC3}
	EndProjectSection
EndProject
Project("{8BC9CEB8-8B4A-11D0-8D11-00A0C91BC942}") = "triangle-vulkan", "tests\triangle-vulkan.vcxproj", "{CFD3474C-035D-3562-BC65-0FDC9A6C73D0}"
	ProjectSection(ProjectDependencies) = postProject
		{E2B4ADA3-3155-35DD-8020-90CB99670FFE} = {E2B4ADA3-3155-35DD-8020-90CB99670FFE}
		{03BF5759-7E73-39EC-B360-A68F3D075AC3} = {03BF5759-7E73-39EC-B360-A68F3D075AC3}
	EndProjectSection
EndProject
Project("{8BC9CEB8-8B4A-11D0-8D11-00A0C91BC942}") = "uninstall", "uninstall.vcxproj", "{CFC9C839-8E52-3BA3-8A1E-C0E9D424581E}"
	ProjectSection(ProjectDependencies) = postProject
		{E2B4ADA3-3155-35DD-8020-90CB99670FFE} = {E2B4ADA3-3155-35DD-8020-90CB99670FFE}
	EndProjectSection
EndProject
Project("{8BC9CEB8-8B4A-11D0-8D11-00A0C91BC942}") = "update_mappings", "src\update_mappings.vcxproj", "{7CE71AA7-0286-30D5-8B20-B5A9ECE0E043}"
	ProjectSection(ProjectDependencies) = postProject
		{E2B4ADA3-3155-35DD-8020-90CB99670FFE} = {E2B4ADA3-3155-35DD-8020-90CB99670FFE}
	EndProjectSection
EndProject
Project("{8BC9CEB8-8B4A-11D0-8D11-00A0C91BC942}") = "wave", "examples\wave.vcxproj", "{E8BD98A6-77D7-35DC-8BD4-CFA20FD64836}"
	ProjectSection(ProjectDependencies) = postProject
		{E2B4ADA3-3155-35DD-8020-90CB99670FFE} = {E2B4ADA3-3155-35DD-8020-90CB99670FFE}
		{03BF5759-7E73-39EC-B360-A68F3D075AC3} = {03BF5759-7E73-39EC-B360-A68F3D075AC3}
	EndProjectSection
EndProject
Project("{8BC9CEB8-8B4A-11D0-8D11-00A0C91BC942}") = "window", "tests\window.vcxproj", "{2C6BC7AD-3BFF-3AE1-8431-3D3630C93580}"
	ProjectSection(ProjectDependencies) = postProject
		{E2B4ADA3-3155-35DD-8020-90CB99670FFE} = {E2B4ADA3-3155-35DD-8020-90CB99670FFE}
		{03BF5759-7E73-39EC-B360-A68F3D075AC3} = {03BF5759-7E73-39EC-B360-A68F3D075AC3}
	EndProjectSection
EndProject
Project("{8BC9CEB8-8B4A-11D0-8D11-00A0C91BC942}") = "windows", "examples\windows.vcxproj", "{A21DE78E-EDED-330E-8483-4C429492A143}"
	ProjectSection(ProjectDependencies) = postProject
		{E2B4ADA3-3155-35DD-8020-90CB99670FFE} = {E2B4ADA3-3155-35DD-8020-90CB99670FFE}
		{03BF5759-7E73-39EC-B360-A68F3D075AC3} = {03BF5759-7E73-39EC-B360-A68F3D075AC3}
	EndProjectSection
EndProject
Global
	GlobalSection(SolutionConfigurationPlatforms) = preSolution
		Debug|x64 = Debug|x64
		Release|x64 = Release|x64
		MinSizeRel|x64 = MinSizeRel|x64
		RelWithDebInfo|x64 = RelWithDebInfo|x64
	EndGlobalSection
	GlobalSection(ProjectConfigurationPlatforms) = postSolution
		{0A8D00DC-D26E-3EAB-9BF6-D46B3F59B1DB}.Debug|x64.ActiveCfg = Debug|x64
		{0A8D00DC-D26E-3EAB-9BF6-D46B3F59B1DB}.Debug|x64.Build.0 = Debug|x64
		{0A8D00DC-D26E-3EAB-9BF6-D46B3F59B1DB}.Release|x64.ActiveCfg = Release|x64
		{0A8D00DC-D26E-3EAB-9BF6-D46B3F59B1DB}.Release|x64.Build.0 = Release|x64
		{0A8D00DC-D26E-3EAB-9BF6-D46B3F59B1DB}.MinSizeRel|x64.ActiveCfg = MinSizeRel|x64
		{0A8D00DC-D26E-3EAB-9BF6-D46B3F59B1DB}.MinSizeRel|x64.Build.0 = MinSizeRel|x64
		{0A8D00DC-D26E-3EAB-9BF6-D46B3F59B1DB}.RelWithDebInfo|x64.ActiveCfg = RelWithDebInfo|x64
		{0A8D00DC-D26E-3EAB-9BF6-D46B3F59B1DB}.RelWithDebInfo|x64.Build.0 = RelWithDebInfo|x64
		{935C5CD3-7AF7-3BEC-B658-73935FEF2D2B}.Debug|x64.ActiveCfg = Debug|x64
		{935C5CD3-7AF7-3BEC-B658-73935FEF2D2B}.Release|x64.ActiveCfg = Release|x64
		{935C5CD3-7AF7-3BEC-B658-73935FEF2D2B}.MinSizeRel|x64.ActiveCfg = MinSizeRel|x64
		{935C5CD3-7AF7-3BEC-B658-73935FEF2D2B}.RelWithDebInfo|x64.ActiveCfg = RelWithDebInfo|x64
		{E2B4ADA3-3155-35DD-8020-90CB99670FFE}.Debug|x64.ActiveCfg = Debug|x64
		{E2B4ADA3-3155-35DD-8020-90CB99670FFE}.Debug|x64.Build.0 = Debug|x64
		{E2B4ADA3-3155-35DD-8020-90CB99670FFE}.Release|x64.ActiveCfg = Release|x64
		{E2B4ADA3-3155-35DD-8020-90CB99670FFE}.Release|x64.Build.0 = Release|x64
		{E2B4ADA3-3155-35DD-8020-90CB99670FFE}.MinSizeRel|x64.ActiveCfg = MinSizeRel|x64
		{E2B4ADA3-3155-35DD-8020-90CB99670FFE}.MinSizeRel|x64.Build.0 = MinSizeRel|x64
		{E2B4ADA3-3155-35DD-8020-90CB99670FFE}.RelWithDebInfo|x64.ActiveCfg = RelWithDebInfo|x64
		{E2B4ADA3-3155-35DD-8020-90CB99670FFE}.RelWithDebInfo|x64.Build.0 = RelWithDebInfo|x64
		{B5A50943-0BFD-3A52-8323-E3DD0016EF94}.Debug|x64.ActiveCfg = Debug|x64
		{B5A50943-0BFD-3A52-8323-E3DD0016EF94}.Debug|x64.Build.0 = Debug|x64
		{B5A50943-0BFD-3A52-8323-E3DD0016EF94}.Release|x64.ActiveCfg = Release|x64
		{B5A50943-0BFD-3A52-8323-E3DD0016EF94}.Release|x64.Build.0 = Release|x64
		{B5A50943-0BFD-3A52-8323-E3DD0016EF94}.MinSizeRel|x64.ActiveCfg = MinSizeRel|x64
		{B5A50943-0BFD-3A52-8323-E3DD0016EF94}.MinSizeRel|x64.Build.0 = MinSizeRel|x64
		{B5A50943-0BFD-3A52-8323-E3DD0016EF94}.RelWithDebInfo|x64.ActiveCfg = RelWithDebInfo|x64
		{B5A50943-0BFD-3A52-8323-E3DD0016EF94}.RelWithDebInfo|x64.Build.0 = RelWithDebInfo|x64
		{DA6B2AC4-3370-3697-A57D-17F68ABEDEA4}.Debug|x64.ActiveCfg = Debug|x64
		{DA6B2AC4-3370-3697-A57D-17F68ABEDEA4}.Debug|x64.Build.0 = Debug|x64
		{DA6B2AC4-3370-3697-A57D-17F68ABEDEA4}.Release|x64.ActiveCfg = Release|x64
		{DA6B2AC4-3370-3697-A57D-17F68ABEDEA4}.Release|x64.Build.0 = Release|x64
		{DA6B2AC4-3370-3697-A57D-17F68ABEDEA4}.MinSizeRel|x64.ActiveCfg = MinSizeRel|x64
		{DA6B2AC4-3370-3697-A57D-17F68ABEDEA4}.MinSizeRel|x64.Build.0 = MinSizeRel|x64
		{DA6B2AC4-3370-3697-A57D-17F68ABEDEA4}.RelWithDebInfo|x64.ActiveCfg = RelWithDebInfo|x64
		{DA6B2AC4-3370-3697-A57D-17F68ABEDEA4}.RelWithDebInfo|x64.Build.0 = RelWithDebInfo|x64
		{12880152-7C33-3453-80C5-4033B32C8B42}.Debug|x64.ActiveCfg = Debug|x64
		{12880152-7C33-3453-80C5-4033B32C8B42}.Debug|x64.Build.0 = Debug|x64
		{12880152-7C33-3453-80C5-4033B32C8B42}.Release|x64.ActiveCfg = Release|x64
		{12880152-7C33-3453-80C5-4033B32C8B42}.Release|x64.Build.0 = Release|x64
		{12880152-7C33-3453-80C5-4033B32C8B42}.MinSizeRel|x64.ActiveCfg = MinSizeRel|x64
		{12880152-7C33-3453-80C5-4033B32C8B42}.MinSizeRel|x64.Build.0 = MinSizeRel|x64
		{12880152-7C33-3453-80C5-4033B32C8B42}.RelWithDebInfo|x64.ActiveCfg = RelWithDebInfo|x64
		{12880152-7C33-3453-80C5-4033B32C8B42}.RelWithDebInfo|x64.Build.0 = RelWithDebInfo|x64
		{DA39AF5B-B97E-37ED-BFD7-A1FB296F2B0F}.Debug|x64.ActiveCfg = Debug|x64
		{DA39AF5B-B97E-37ED-BFD7-A1FB296F2B0F}.Debug|x64.Build.0 = Debug|x64
		{DA39AF5B-B97E-37ED-BFD7-A1FB296F2B0F}.Release|x64.ActiveCfg = Release|x64
		{DA39AF5B-B97E-37ED-BFD7-A1FB296F2B0F}.Release|x64.Build.0 = Release|x64
		{DA39AF5B-B97E-37ED-BFD7-A1FB296F2B0F}.MinSizeRel|x64.ActiveCfg = MinSizeRel|x64
		{DA39AF5B-B97E-37ED-BFD7-A1FB296F2B0F}.MinSizeRel|x64.Build.0 = MinSizeRel|x64
		{DA39AF5B-B97E-37ED-BFD7-A1FB296F2B0F}.RelWithDebInfo|x64.ActiveCfg = RelWithDebInfo|x64
		{DA39AF5B-B97E-37ED-BFD7-A1FB296F2B0F}.RelWithDebInfo|x64.Build.0 = RelWithDebInfo|x64
		{2A831EEE-AF22-3D76-A8C1-9C81EEA56F16}.Debug|x64.ActiveCfg = Debug|x64
		{2A831EEE-AF22-3D76-A8C1-9C81EEA56F16}.Debug|x64.Build.0 = Debug|x64
		{2A831EEE-AF22-3D76-A8C1-9C81EEA56F16}.Release|x64.ActiveCfg = Release|x64
		{2A831EEE-AF22-3D76-A8C1-9C81EEA56F16}.Release|x64.Build.0 = Release|x64
		{2A831EEE-AF22-3D76-A8C1-9C81EEA56F16}.MinSizeRel|x64.ActiveCfg = MinSizeRel|x64
		{2A831EEE-AF22-3D76-A8C1-9C81EEA56F16}.MinSizeRel|x64.Build.0 = MinSizeRel|x64
		{2A831EEE-AF22-3D76-A8C1-9C81EEA56F16}.RelWithDebInfo|x64.ActiveCfg = RelWithDebInfo|x64
		{2A831EEE-AF22-3D76-A8C1-9C81EEA56F16}.RelWithDebInfo|x64.Build.0 = RelWithDebInfo|x64
		{C0EE7152-0485-31E3-972C-DA509F1F88FF}.Debug|x64.ActiveCfg = Debug|x64
		{C0EE7152-0485-31E3-972C-DA509F1F88FF}.Debug|x64.Build.0 = Debug|x64
		{C0EE7152-0485-31E3-972C-DA509F1F88FF}.Release|x64.ActiveCfg = Release|x64
		{C0EE7152-0485-31E3-972C-DA509F1F88FF}.Release|x64.Build.0 = Release|x64
		{C0EE7152-0485-31E3-972C-DA509F1F88FF}.MinSizeRel|x64.ActiveCfg = MinSizeRel|x64
		{C0EE7152-0485-31E3-972C-DA509F1F88FF}.MinSizeRel|x64.Build.0 = MinSizeRel|x64
		{C0EE7152-0485-31E3-972C-DA509F1F88FF}.RelWithDebInfo|x64.ActiveCfg = RelWithDebInfo|x64
		{C0EE7152-0485-31E3-972C-DA509F1F88FF}.RelWithDebInfo|x64.Build.0 = RelWithDebInfo|x64
		{7A97420A-9848-313D-876B-18FB33481FE7}.Debug|x64.ActiveCfg = Debug|x64
		{7A97420A-9848-313D-876B-18FB33481FE7}.Debug|x64.Build.0 = Debug|x64
		{7A97420A-9848-313D-876B-18FB33481FE7}.Release|x64.ActiveCfg = Release|x64
		{7A97420A-9848-313D-876B-18FB33481FE7}.Release|x64.Build.0 = Release|x64
		{7A97420A-9848-313D-876B-18FB33481FE7}.MinSizeRel|x64.ActiveCfg = MinSizeRel|x64
		{7A97420A-9848-313D-876B-18FB33481FE7}.MinSizeRel|x64.Build.0 = MinSizeRel|x64
		{7A97420A-9848-313D-876B-18FB33481FE7}.RelWithDebInfo|x64.ActiveCfg = RelWithDebInfo|x64
		{7A97420A-9848-313D-876B-18FB33481FE7}.RelWithDebInfo|x64.Build.0 = RelWithDebInfo|x64
		{B8995905-BB77-3CFF-95BC-FB5602C78227}.Debug|x64.ActiveCfg = Debug|x64
		{B8995905-BB77-3CFF-95BC-FB5602C78227}.Debug|x64.Build.0 = Debug|x64
		{B8995905-BB77-3CFF-95BC-FB5602C78227}.Release|x64.ActiveCfg = Release|x64
		{B8995905-BB77-3CFF-95BC-FB5602C78227}.Release|x64.Build.0 = Release|x64
		{B8995905-BB77-3CFF-95BC-FB5602C78227}.MinSizeRel|x64.ActiveCfg = MinSizeRel|x64
		{B8995905-BB77-3CFF-95BC-FB5602C78227}.MinSizeRel|x64.Build.0 = MinSizeRel|x64
		{B8995905-BB77-3CFF-95BC-FB5602C78227}.RelWithDebInfo|x64.ActiveCfg = RelWithDebInfo|x64
		{B8995905-BB77-3CFF-95BC-FB5602C78227}.RelWithDebInfo|x64.Build.0 = RelWithDebInfo|x64
		{03BF5759-7E73-39EC-B360-A68F3D075AC3}.Debug|x64.ActiveCfg = Debug|x64
		{03BF5759-7E73-39EC-B360-A68F3D075AC3}.Debug|x64.Build.0 = Debug|x64
		{03BF5759-7E73-39EC-B360-A68F3D075AC3}.Release|x64.ActiveCfg = Release|x64
		{03BF5759-7E73-39EC-B360-A68F3D075AC3}.Release|x64.Build.0 = Release|x64
		{03BF5759-7E73-39EC-B360-A68F3D075AC3}.MinSizeRel|x64.ActiveCfg = MinSizeRel|x64
		{03BF5759-7E73-39EC-B360-A68F3D075AC3}.MinSizeRel|x64.Build.0 = MinSizeRel|x64
		{03BF5759-7E73-39EC-B360-A68F3D075AC3}.RelWithDebInfo|x64.ActiveCfg = RelWithDebInfo|x64
		{03BF5759-7E73-39EC-B360-A68F3D075AC3}.RelWithDebInfo|x64.Build.0 = RelWithDebInfo|x64
		{2806CA77-ADEC-33DE-89D0-9E8254076F32}.Debug|x64.ActiveCfg = Debug|x64
		{2806CA77-ADEC-33DE-89D0-9E8254076F32}.Debug|x64.Build.0 = Debug|x64
		{2806CA77-ADEC-33DE-89D0-9E8254076F32}.Release|x64.ActiveCfg = Release|x64
		{2806CA77-ADEC-33DE-89D0-9E8254076F32}.Release|x64.Build.0 = Release|x64
		{2806CA77-ADEC-33DE-89D0-9E8254076F32}.MinSizeRel|x64.ActiveCfg = MinSizeRel|x64
		{2806CA77-ADEC-33DE-89D0-9E8254076F32}.MinSizeRel|x64.Build.0 = MinSizeRel|x64
		{2806CA77-ADEC-33DE-89D0-9E8254076F32}.RelWithDebInfo|x64.ActiveCfg = RelWithDebInfo|x64
		{2806CA77-ADEC-33DE-89D0-9E8254076F32}.RelWithDebInfo|x64.Build.0 = RelWithDebInfo|x64
		{32489539-9F46-35BD-943F-D18982B3E9E6}.Debug|x64.ActiveCfg = Debug|x64
		{32489539-9F46-35BD-943F-D18982B3E9E6}.Debug|x64.Build.0 = Debug|x64
		{32489539-9F46-35BD-943F-D18982B3E9E6}.Release|x64.ActiveCfg = Release|x64
		{32489539-9F46-35BD-943F-D18982B3E9E6}.Release|x64.Build.0 = Release|x64
		{32489539-9F46-35BD-943F-D18982B3E9E6}.MinSizeRel|x64.ActiveCfg = MinSizeRel|x64
		{32489539-9F46-35BD-943F-D18982B3E9E6}.MinSizeRel|x64.Build.0 = MinSizeRel|x64
		{32489539-9F46-35BD-943F-D18982B3E9E6}.RelWithDebInfo|x64.ActiveCfg = RelWithDebInfo|x64
		{32489539-9F46-35BD-943F-D18982B3E9E6}.RelWithDebInfo|x64.Build.0 = RelWithDebInfo|x64
		{1886F543-358C-3209-BB03-390DD2433D2E}.Debug|x64.ActiveCfg = Debug|x64
		{1886F543-358C-3209-BB03-390DD2433D2E}.Debug|x64.Build.0 = Debug|x64
		{1886F543-358C-3209-BB03-390DD2433D2E}.Release|x64.ActiveCfg = Release|x64
		{1886F543-358C-3209-BB03-390DD2433D2E}.Release|x64.Build.0 = Release|x64
		{1886F543-358C-3209-BB03-390DD2433D2E}.MinSizeRel|x64.ActiveCfg = MinSizeRel|x64
		{1886F543-358C-3209-BB03-390DD2433D2E}.MinSizeRel|x64.Build.0 = MinSizeRel|x64
		{1886F543-358C-3209-BB03-390DD2433D2E}.RelWithDebInfo|x64.ActiveCfg = RelWithDebInfo|x64
		{1886F543-358C-3209-BB03-390DD2433D2E}.RelWithDebInfo|x64.Build.0 = RelWithDebInfo|x64
		{40B4882D-E67C-388B-B56B-AFDC0BA5B2D3}.Debug|x64.ActiveCfg = Debug|x64
		{40B4882D-E67C-388B-B56B-AFDC0BA5B2D3}.Debug|x64.Build.0 = Debug|x64
		{40B4882D-E67C-388B-B56B-AFDC0BA5B2D3}.Release|x64.ActiveCfg = Release|x64
		{40B4882D-E67C-388B-B56B-AFDC0BA5B2D3}.Release|x64.Build.0 = Release|x64
		{40B4882D-E67C-388B-B56B-AFDC0BA5B2D3}.MinSizeRel|x64.ActiveCfg = MinSizeRel|x64
		{40B4882D-E67C-388B-B56B-AFDC0BA5B2D3}.MinSizeRel|x64.Build.0 = MinSizeRel|x64
		{40B4882D-E67C-388B-B56B-AFDC0BA5B2D3}.RelWithDebInfo|x64.ActiveCfg = RelWithDebInfo|x64
		{40B4882D-E67C-388B-B56B-AFDC0BA5B2D3}.RelWithDebInfo|x64.Build.0 = RelWithDebInfo|x64
		{2ADAA75B-6907-34DB-919B-8E3CD157FF6E}.Debug|x64.ActiveCfg = Debug|x64
		{2ADAA75B-6907-34DB-919B-8E3CD157FF6E}.Debug|x64.Build.0 = Debug|x64
		{2ADAA75B-6907-34DB-919B-8E3CD157FF6E}.Release|x64.ActiveCfg = Release|x64
		{2ADAA75B-6907-34DB-919B-8E3CD157FF6E}.Release|x64.Build.0 = Release|x64
		{2ADAA75B-6907-34DB-919B-8E3CD157FF6E}.MinSizeRel|x64.ActiveCfg = MinSizeRel|x64
		{2ADAA75B-6907-34DB-919B-8E3CD157FF6E}.MinSizeRel|x64.Build.0 = MinSizeRel|x64
		{2ADAA75B-6907-34DB-919B-8E3CD157FF6E}.RelWithDebInfo|x64.ActiveCfg = RelWithDebInfo|x64
		{2ADAA75B-6907-34DB-919B-8E3CD157FF6E}.RelWithDebInfo|x64.Build.0 = RelWithDebInfo|x64
		{0EA8B75F-5C1F-3365-99F8-5C67A48CCFB3}.Debug|x64.ActiveCfg = Debug|x64
		{0EA8B75F-5C1F-3365-99F8-5C67A48CCFB3}.Debug|x64.Build.0 = Debug|x64
		{0EA8B75F-5C1F-3365-99F8-5C67A48CCFB3}.Release|x64.ActiveCfg = Release|x64
		{0EA8B75F-5C1F-3365-99F8-5C67A48CCFB3}.Release|x64.Build.0 = Release|x64
		{0EA8B75F-5C1F-3365-99F8-5C67A48CCFB3}.MinSizeRel|x64.ActiveCfg = MinSizeRel|x64
		{0EA8B75F-5C1F-3365-99F8-5C67A48CCFB3}.MinSizeRel|x64.Build.0 = MinSizeRel|x64
		{0EA8B75F-5C1F-3365-99F8-5C67A48CCFB3}.RelWithDebInfo|x64.ActiveCfg = RelWithDebInfo|x64
		{0EA8B75F-5C1F-3365-99F8-5C67A48CCFB3}.RelWithDebInfo|x64.Build.0 = RelWithDebInfo|x64
		{2BD925C2-3748-3C37-B827-E8CAC7CE8DBC}.Debug|x64.ActiveCfg = Debug|x64
		{2BD925C2-3748-3C37-B827-E8CAC7CE8DBC}.Debug|x64.Build.0 = Debug|x64
		{2BD925C2-3748-3C37-B827-E8CAC7CE8DBC}.Release|x64.ActiveCfg = Release|x64
		{2BD925C2-3748-3C37-B827-E8CAC7CE8DBC}.Release|x64.Build.0 = Release|x64
		{2BD925C2-3748-3C37-B827-E8CAC7CE8DBC}.MinSizeRel|x64.ActiveCfg = MinSizeRel|x64
		{2BD925C2-3748-3C37-B827-E8CAC7CE8DBC}.MinSizeRel|x64.Build.0 = MinSizeRel|x64
		{2BD925C2-3748-3C37-B827-E8CAC7CE8DBC}.RelWithDebInfo|x64.ActiveCfg = RelWithDebInfo|x64
		{2BD925C2-3748-3C37-B827-E8CAC7CE8DBC}.RelWithDebInfo|x64.Build.0 = RelWithDebInfo|x64
		{A642440F-7143-3FE9-9D50-FB4F94DFF89B}.Debug|x64.ActiveCfg = Debug|x64
		{A642440F-7143-3FE9-9D50-FB4F94DFF89B}.Debug|x64.Build.0 = Debug|x64
		{A642440F-7143-3FE9-9D50-FB4F94DFF89B}.Release|x64.ActiveCfg = Release|x64
		{A642440F-7143-3FE9-9D50-FB4F94DFF89B}.Release|x64.Build.0 = Release|x64
		{A642440F-7143-3FE9-9D50-FB4F94DFF89B}.MinSizeRel|x64.ActiveCfg = MinSizeRel|x64
		{A642440F-7143-3FE9-9D50-FB4F94DFF89B}.MinSizeRel|x64.Build.0 = MinSizeRel|x64
		{A642440F-7143-3FE9-9D50-FB4F94DFF89B}.RelWithDebInfo|x64.ActiveCfg = RelWithDebInfo|x64
		{A642440F-7143-3FE9-9D50-FB4F94DFF89B}.RelWithDebInfo|x64.Build.0 = RelWithDebInfo|x64
		{22F0C4D7-9BCC-3276-A50C-5A481EB6F115}.Debug|x64.ActiveCfg = Debug|x64
		{22F0C4D7-9BCC-3276-A50C-5A481EB6F115}.Debug|x64.Build.0 = Debug|x64
		{22F0C4D7-9BCC-3276-A50C-5A481EB6F115}.Release|x64.ActiveCfg = Release|x64
		{22F0C4D7-9BCC-3276-A50C-5A481EB6F115}.Release|x64.Build.0 = Release|x64
		{22F0C4D7-9BCC-3276-A50C-5A481EB6F115}.MinSizeRel|x64.ActiveCfg = MinSizeRel|x64
		{22F0C4D7-9BCC-3276-A50C-5A481EB6F115}.MinSizeRel|x64.Build.0 = MinSizeRel|x64
		{22F0C4D7-9BCC-3276-A50C-5A481EB6F115}.RelWithDebInfo|x64.ActiveCfg = RelWithDebInfo|x64
		{22F0C4D7-9BCC-3276-A50C-5A481EB6F115}.RelWithDebInfo|x64.Build.0 = RelWithDebInfo|x64
		{37068DBB-0F8B-3EDC-830B-BE3475994DD9}.Debug|x64.ActiveCfg = Debug|x64
		{37068DBB-0F8B-3EDC-830B-BE3475994DD9}.Debug|x64.Build.0 = Debug|x64
		{37068DBB-0F8B-3EDC-830B-BE3475994DD9}.Release|x64.ActiveCfg = Release|x64
		{37068DBB-0F8B-3EDC-830B-BE3475994DD9}.Release|x64.Build.0 = Release|x64
		{37068DBB-0F8B-3EDC-830B-BE3475994DD9}.MinSizeRel|x64.ActiveCfg = MinSizeRel|x64
		{37068DBB-0F8B-3EDC-830B-BE3475994DD9}.MinSizeRel|x64.Build.0 = MinSizeRel|x64
		{37068DBB-0F8B-3EDC-830B-BE3475994DD9}.RelWithDebInfo|x64.ActiveCfg = RelWithDebInfo|x64
		{37068DBB-0F8B-3EDC-830B-BE3475994DD9}.RelWithDebInfo|x64.Build.0 = RelWithDebInfo|x64
		{D397DEEE-4B42-3D5E-82E8-9597C018C5C6}.Debug|x64.ActiveCfg = Debug|x64
		{D397DEEE-4B42-3D5E-82E8-9597C018C5C6}.Debug|x64.Build.0 = Debug|x64
		{D397DEEE-4B42-3D5E-82E8-9597C018C5C6}.Release|x64.ActiveCfg = Release|x64
		{D397DEEE-4B42-3D5E-82E8-9597C018C5C6}.Release|x64.Build.0 = Release|x64
		{D397DEEE-4B42-3D5E-82E8-9597C018C5C6}.MinSizeRel|x64.ActiveCfg = MinSizeRel|x64
		{D397DEEE-4B42-3D5E-82E8-9597C018C5C6}.MinSizeRel|x64.Build.0 = MinSizeRel|x64
		{D397DEEE-4B42-3D5E-82E8-9597C018C5C6}.RelWithDebInfo|x64.ActiveCfg = RelWithDebInfo|x64
		{D397DEEE-4B42-3D5E-82E8-9597C018C5C6}.RelWithDebInfo|x64.Build.0 = RelWithDebInfo|x64
		{EF391318-B93F-34A5-AC9E-6EF18A335C5B}.Debug|x64.ActiveCfg = Debug|x64
		{EF391318-B93F-34A5-AC9E-6EF18A335C5B}.Debug|x64.Build.0 = Debug|x64
		{EF391318-B93F-34A5-AC9E-6EF18A335C5B}.Release|x64.ActiveCfg = Release|x64
		{EF391318-B93F-34A5-AC9E-6EF18A335C5B}.Release|x64.Build.0 = Release|x64
		{EF391318-B93F-34A5-AC9E-6EF18A335C5B}.MinSizeRel|x64.ActiveCfg = MinSizeRel|x64
		{EF391318-B93F-34A5-AC9E-6EF18A335C5B}.MinSizeRel|x64.Build.0 = MinSizeRel|x64
		{EF391318-B93F-34A5-AC9E-6EF18A335C5B}.RelWithDebInfo|x64.ActiveCfg = RelWithDebInfo|x64
		{EF391318-B93F-34A5-AC9E-6EF18A335C5B}.RelWithDebInfo|x64.Build.0 = RelWithDebInfo|x64
		{07B5BF8D-09D9-3048-ADAF-530CD64210A3}.Debug|x64.ActiveCfg = Debug|x64
		{07B5BF8D-09D9-3048-ADAF-530CD64210A3}.Debug|x64.Build.0 = Debug|x64
		{07B5BF8D-09D9-3048-ADAF-530CD64210A3}.Release|x64.ActiveCfg = Release|x64
		{07B5BF8D-09D9-3048-ADAF-530CD64210A3}.Release|x64.Build.0 = Release|x64
		{07B5BF8D-09D9-3048-ADAF-530CD64210A3}.MinSizeRel|x64.ActiveCfg = MinSizeRel|x64
		{07B5BF8D-09D9-3048-ADAF-530CD64210A3}.MinSizeRel|x64.Build.0 = MinSizeRel|x64
		{07B5BF8D-09D9-3048-ADAF-530CD64210A3}.RelWithDebInfo|x64.ActiveCfg = RelWithDebInfo|x64
		{07B5BF8D-09D9-3048-ADAF-530CD64210A3}.RelWithDebInfo|x64.Build.0 = RelWithDebInfo|x64
		{400C87E2-2F92-3A18-B174-D69E95451F0F}.Debug|x64.ActiveCfg = Debug|x64
		{400C87E2-2F92-3A18-B174-D69E95451F0F}.Debug|x64.Build.0 = Debug|x64
		{400C87E2-2F92-3A18-B174-D69E95451F0F}.Release|x64.ActiveCfg = Release|x64
		{400C87E2-2F92-3A18-B174-D69E95451F0F}.Release|x64.Build.0 = Release|x64
		{400C87E2-2F92-3A18-B174-D69E95451F0F}.MinSizeRel|x64.ActiveCfg = MinSizeRel|x64
		{400C87E2-2F92-3A18-B174-D69E95451F0F}.MinSizeRel|x64.Build.0 = MinSizeRel|x64
		{400C87E2-2F92-3A18-B174-D69E95451F0F}.RelWithDebInfo|x64.ActiveCfg = RelWithDebInfo|x64
		{400C87E2-2F92-3A18-B174-D69E95451F0F}.RelWithDebInfo|x64.Build.0 = RelWithDebInfo|x64
		{F103E54A-1088-37B9-90F4-867A7C1DE780}.Debug|x64.ActiveCfg = Debug|x64
		{F103E54A-1088-37B9-90F4-867A7C1DE780}.Debug|x64.Build.0 = Debug|x64
		{F103E54A-1088-37B9-90F4-867A7C1DE780}.Release|x64.ActiveCfg = Release|x64
		{F103E54A-1088-37B9-90F4-867A7C1DE780}.Release|x64.Build.0 = Release|x64
		{F103E54A-1088-37B9-90F4-867A7C1DE780}.MinSizeRel|x64.ActiveCfg = MinSizeRel|x64
		{F103E54A-1088-37B9-90F4-867A7C1DE780}.MinSizeRel|x64.Build.0 = MinSizeRel|x64
		{F103E54A-1088-37B9-90F4-867A7C1DE780}.RelWithDebInfo|x64.ActiveCfg = RelWithDebInfo|x64
		{F103E54A-1088-37B9-90F4-867A7C1DE780}.RelWithDebInfo|x64.Build.0 = RelWithDebInfo|x64
		{B22E671F-F9B6-3CA7-810F-BE142E8F636C}.Debug|x64.ActiveCfg = Debug|x64
		{B22E671F-F9B6-3CA7-810F-BE142E8F636C}.Debug|x64.Build.0 = Debug|x64
		{B22E671F-F9B6-3CA7-810F-BE142E8F636C}.Release|x64.ActiveCfg = Release|x64
		{B22E671F-F9B6-3CA7-810F-BE142E8F636C}.Release|x64.Build.0 = Release|x64
		{B22E671F-F9B6-3CA7-810F-BE142E8F636C}.MinSizeRel|x64.ActiveCfg = MinSizeRel|x64
		{B22E671F-F9B6-3CA7-810F-BE142E8F636C}.MinSizeRel|x64.Build.0 = MinSizeRel|x64
		{B22E671F-F9B6-3CA7-810F-BE142E8F636C}.RelWithDebInfo|x64.ActiveCfg = RelWithDebInfo|x64
		{B22E671F-F9B6-3CA7-810F-BE142E8F636C}.RelWithDebInfo|x64.Build.0 = RelWithDebInfo|x64
		{1F7CFB82-5975-3C2F-9191-EC64186EB262}.Debug|x64.ActiveCfg = Debug|x64
		{1F7CFB82-5975-3C2F-9191-EC64186EB262}.Debug|x64.Build.0 = Debug|x64
		{1F7CFB82-5975-3C2F-9191-EC64186EB262}.Release|x64.ActiveCfg = Release|x64
		{1F7CFB82-5975-3C2F-9191-EC64186EB262}.Release|x64.Build.0 = Release|x64
		{1F7CFB82-5975-3C2F-9191-EC64186EB262}.MinSizeRel|x64.ActiveCfg = MinSizeRel|x64
		{1F7CFB82-5975-3C2F-9191-EC64186EB262}.MinSizeRel|x64.Build.0 = MinSizeRel|x64
		{1F7CFB82-5975-3C2F-9191-EC64186EB262}.RelWithDebInfo|x64.ActiveCfg = RelWithDebInfo|x64
		{1F7CFB82-5975-3C2F-9191-EC64186EB262}.RelWithDebInfo|x64.Build.0 = RelWithDebInfo|x64
		{091E57F5-4DBF-3306-AC4B-312C96260407}.Debug|x64.ActiveCfg = Debug|x64
		{091E57F5-4DBF-3306-AC4B-312C96260407}.Debug|x64.Build.0 = Debug|x64
		{091E57F5-4DBF-3306-AC4B-312C96260407}.Release|x64.ActiveCfg = Release|x64
		{091E57F5-4DBF-3306-AC4B-312C96260407}.Release|x64.Build.0 = Release|x64
		{091E57F5-4DBF-3306-AC4B-312C96260407}.MinSizeRel|x64.ActiveCfg = MinSizeRel|x64
		{091E57F5-4DBF-3306-AC4B-312C96260407}.MinSizeRel|x64.Build.0 = MinSizeRel|x64
		{091E57F5-4DBF-3306-AC4B-312C96260407}.RelWithDebInfo|x64.ActiveCfg = RelWithDebInfo|x64
		{091E57F5-4DBF-3306-AC4B-312C96260407}.RelWithDebInfo|x64.Build.0 = RelWithDebInfo|x64
		{9AFDDDF9-6012-364E-AE1B-12A221089BED}.Debug|x64.ActiveCfg = Debug|x64
		{9AFDDDF9-6012-364E-AE1B-12A221089BED}.Debug|x64.Build.0 = Debug|x64
		{9AFDDDF9-6012-364E-AE1B-12A221089BED}.Release|x64.ActiveCfg = Release|x64
		{9AFDDDF9-6012-364E-AE1B-12A221089BED}.Release|x64.Build.0 = Release|x64
		{9AFDDDF9-6012-364E-AE1B-12A221089BED}.MinSizeRel|x64.ActiveCfg = MinSizeRel|x64
		{9AFDDDF9-6012-364E-AE1B-12A221089BED}.MinSizeRel|x64.Build.0 = MinSizeRel|x64
		{9AFDDDF9-6012-364E-AE1B-12A221089BED}.RelWithDebInfo|x64.ActiveCfg = RelWithDebInfo|x64
		{9AFDDDF9-6012-364E-AE1B-12A221089BED}.RelWithDebInfo|x64.Build.0 = RelWithDebInfo|x64
		{CFD3474C-035D-3562-BC65-0FDC9A6C73D0}.Debug|x64.ActiveCfg = Debug|x64
		{CFD3474C-035D-3562-BC65-0FDC9A6C73D0}.Debug|x64.Build.0 = Debug|x64
		{CFD3474C-035D-3562-BC65-0FDC9A6C73D0}.Release|x64.ActiveCfg = Release|x64
		{CFD3474C-035D-3562-BC65-0FDC9A6C73D0}.Release|x64.Build.0 = Release|x64
		{CFD3474C-035D-3562-BC65-0FDC9A6C73D0}.MinSizeRel|x64.ActiveCfg = MinSizeRel|x64
		{CFD3474C-035D-3562-BC65-0FDC9A6C73D0}.MinSizeRel|x64.Build.0 = MinSizeRel|x64
		{CFD3474C-035D-3562-BC65-0FDC9A6C73D0}.RelWithDebInfo|x64.ActiveCfg = RelWithDebInfo|x64
		{CFD3474C-035D-3562-BC65-0FDC9A6C73D0}.RelWithDebInfo|x64.Build.0 = RelWithDebInfo|x64
		{CFC9C839-8E52-3BA3-8A1E-C0E9D424581E}.Debug|x64.ActiveCfg = Debug|x64
		{CFC9C839-8E52-3BA3-8A1E-C0E9D424581E}.Release|x64.ActiveCfg = Release|x64
		{CFC9C839-8E52-3BA3-8A1E-C0E9D424581E}.MinSizeRel|x64.ActiveCfg = MinSizeRel|x64
		{CFC9C839-8E52-3BA3-8A1E-C0E9D424581E}.RelWithDebInfo|x64.ActiveCfg = RelWithDebInfo|x64
		{7CE71AA7-0286-30D5-8B20-B5A9ECE0E043}.Debug|x64.ActiveCfg = Debug|x64
		{7CE71AA7-0286-30D5-8B20-B5A9ECE0E043}.Release|x64.ActiveCfg = Release|x64
		{7CE71AA7-0286-30D5-8B20-B5A9ECE0E043}.MinSizeRel|x64.ActiveCfg = MinSizeRel|x64
		{7CE71AA7-0286-30D5-8B20-B5A9ECE0E043}.RelWithDebInfo|x64.ActiveCfg = RelWithDebInfo|x64
		{E8BD98A6-77D7-35DC-8BD4-CFA20FD64836}.Debug|x64.ActiveCfg = Debug|x64
		{E8BD98A6-77D7-35DC-8BD4-CFA20FD64836}.Debug|x64.Build.0 = Debug|x64
		{E8BD98A6-77D7-35DC-8BD4-CFA20FD64836}.Release|x64.ActiveCfg = Release|x64
		{E8BD98A6-77D7-35DC-8BD4-CFA20FD64836}.Release|x64.Build.0 = Release|x64
		{E8BD98A6-77D7-35DC-8BD4-CFA20FD64836}.MinSizeRel|x64.ActiveCfg = MinSizeRel|x64
		{E8BD98A6-77D7-35DC-8BD4-CFA20FD64836}.MinSizeRel|x64.Build.0 = MinSizeRel|x64
		{E8BD98A6-77D7-35DC-8BD4-CFA20FD64836}.RelWithDebInfo|x64.ActiveCfg = RelWithDebInfo|x64
		{E8BD98A6-77D7-35DC-8BD4-CFA20FD64836}.RelWithDebInfo|x64.Build.0 = RelWithDebInfo|x64
		{2C6BC7AD-3BFF-3AE1-8431-3D3630C93580}.Debug|x64.ActiveCfg = Debug|x64
		{2C6BC7AD-3BFF-3AE1-8431-3D3630C93580}.Debug|x64.Build.0 = Debug|x64
		{2C6BC7AD-3BFF-3AE1-8431-3D3630C93580}.Release|x64.ActiveCfg = Release|x64
		{2C6BC7AD-3BFF-3AE1-8431-3D3630C93580}.Release|x64.Build.0 = Release|x64
		{2C6BC7AD-3BFF-3AE1-8431-3D3630C93580}.MinSizeRel|x64.ActiveCfg = MinSizeRel|x64
		{2C6BC7AD-3BFF-3AE1-8431-3D3630C93580}.MinSizeRel|x64.Build.0 = MinSizeRel|x64
		{2C6BC7AD-3BFF-3AE1-8431-3D3630C93580}.RelWithDebInfo|x64.ActiveCfg = RelWithDebInfo|x64
		{2C6BC7AD-3BFF-3AE1-8431-3D3630C93580}.RelWithDebInfo|x64.Build.0 = RelWithDebInfo|x64
		{A21DE78E-EDED-330E-8483-4C429492A143}.Debug|x64.ActiveCfg = Debug|x64
		{A21DE78E-EDED-330E-8483-4C429492A143}.Debug|x64.Build.0 = Debug|x64
		{A21DE78E-EDED-330E-8483-4C429492A143}.Release|x64.ActiveCfg = Release|x64
		{A21DE78E-EDED-330E-8483-4C429492A143}.Release|x64.Build.0 = Release|x64
		{A21DE78E-EDED-330E-8483-4C429492A143}.MinSizeRel|x64.ActiveCfg = MinSizeRel|x64
		{A21DE78E-EDED-330E-8483-4C429492A143}.MinSizeRel|x64.Build.0 = MinSizeRel|x64
		{A21DE78E-EDED-330E-8483-4C429492A143}.RelWithDebInfo|x64.ActiveCfg = RelWithDebInfo|x64
		{A21DE78E-EDED-330E-8483-4C429492A143}.RelWithDebInfo|x64.Build.0 = RelWithDebInfo|x64
	EndGlobalSection
	GlobalSection(NestedProjects) = preSolution
		{0A8D00DC-D26E-3EAB-9BF6-D46B3F59B1DB} = {59254D8F-104A-3380-B2FA-EAAB198F2ED1}
		{935C5CD3-7AF7-3BEC-B658-73935FEF2D2B} = {59254D8F-104A-3380-B2FA-EAAB198F2ED1}
		{E2B4ADA3-3155-35DD-8020-90CB99670FFE} = {59254D8F-104A-3380-B2FA-EAAB198F2ED1}
		{D005E268-A476-3E01-BFE4-35543309313A} = {8147BF59-6F4E-3B87-A2BB-868C8898F156}
		{E31B5983-05C4-3969-AA45-286AAE3911BD} = {8147BF59-6F4E-3B87-A2BB-868C8898F156}
		{03BF5759-7E73-39EC-B360-A68F3D075AC3} = {8147BF59-6F4E-3B87-A2BB-868C8898F156}
		{CFC9C839-8E52-3BA3-8A1E-C0E9D424581E} = {8147BF59-6F4E-3B87-A2BB-868C8898F156}
		{7CE71AA7-0286-30D5-8B20-B5A9ECE0E043} = {8147BF59-6F4E-3B87-A2BB-868C8898F156}
		{DA6B2AC4-3370-3697-A57D-17F68ABEDEA4} = {D005E268-A476-3E01-BFE4-35543309313A}
		{B8995905-BB77-3CFF-95BC-FB5602C78227} = {D005E268-A476-3E01-BFE4-35543309313A}
		{32489539-9F46-35BD-943F-D18982B3E9E6} = {D005E268-A476-3E01-BFE4-35543309313A}
		{22F0C4D7-9BCC-3276-A50C-5A481EB6F115} = {D005E268-A476-3E01-BFE4-35543309313A}
		{37068DBB-0F8B-3EDC-830B-BE3475994DD9} = {D005E268-A476-3E01-BFE4-35543309313A}
		{EF391318-B93F-34A5-AC9E-6EF18A335C5B} = {D005E268-A476-3E01-BFE4-35543309313A}
		{07B5BF8D-09D9-3048-ADAF-530CD64210A3} = {D005E268-A476-3E01-BFE4-35543309313A}
		{091E57F5-4DBF-3306-AC4B-312C96260407} = {D005E268-A476-3E01-BFE4-35543309313A}
		{9AFDDDF9-6012-364E-AE1B-12A221089BED} = {D005E268-A476-3E01-BFE4-35543309313A}
		{E8BD98A6-77D7-35DC-8BD4-CFA20FD64836} = {D005E268-A476-3E01-BFE4-35543309313A}
		{A21DE78E-EDED-330E-8483-4C429492A143} = {D005E268-A476-3E01-BFE4-35543309313A}
		{B5A50943-0BFD-3A52-8323-E3DD0016EF94} = {E31B5983-05C4-3969-AA45-286AAE3911BD}
		{12880152-7C33-3453-80C5-4033B32C8B42} = {E31B5983-05C4-3969-AA45-286AAE3911BD}
		{DA39AF5B-B97E-37ED-BFD7-A1FB296F2B0F} = {E31B5983-05C4-3969-AA45-286AAE3911BD}
		{2A831EEE-AF22-3D76-A8C1-9C81EEA56F16} = {E31B5983-05C4-3969-AA45-286AAE3911BD}
		{C0EE7152-0485-31E3-972C-DA509F1F88FF} = {E31B5983-05C4-3969-AA45-286AAE3911BD}
		{7A97420A-9848-313D-876B-18FB33481FE7} = {E31B5983-05C4-3969-AA45-286AAE3911BD}
		{2806CA77-ADEC-33DE-89D0-9E8254076F32} = {E31B5983-05C4-3969-AA45-286AAE3911BD}
		{1886F543-358C-3209-BB03-390DD2433D2E} = {E31B5983-05C4-3969-AA45-286AAE3911BD}
		{40B4882D-E67C-388B-B56B-AFDC0BA5B2D3} = {E31B5983-05C4-3969-AA45-286AAE3911BD}
		{2ADAA75B-6907-34DB-919B-8E3CD157FF6E} = {E31B5983-05C4-3969-AA45-286AAE3911BD}
		{0EA8B75F-5C1F-3365-99F8-5C67A48CCFB3} = {E31B5983-05C4-3969-AA45-286AAE3911BD}
		{2BD925C2-3748-3C37-B827-E8CAC7CE8DBC} = {E31B5983-05C4-3969-AA45-286AAE3911BD}
		{A642440F-7143-3FE9-9D50-FB4F94DFF89B} = {E31B5983-05C4-3969-AA45-286AAE3911BD}
		{D397DEEE-4B42-3D5E-82E8-9597C018C5C6} = {E31B5983-05C4-3969-AA45-286AAE3911BD}
		{400C87E2-2F92-3A18-B174-D69E95451F0F} = {E31B5983-05C4-3969-AA45-286AAE3911BD}
		{F103E54A-1088-37B9-90F4-867A7C1DE780} = {E31B5983-05C4-3969-AA45-286AAE3911BD}
		{B22E671F-F9B6-3CA7-810F-BE142E8F636C} = {E31B5983-05C4-3969-AA45-286AAE3911BD}
		{1F7CFB82-5975-3C2F-9191-EC64186EB262} = {E31B5983-05C4-3969-AA45-286AAE3911BD}
		{CFD3474C-035D-3562-BC65-0FDC9A6C73D0} = {E31B5983-05C4-3969-AA45-286AAE3911BD}
		{2C6BC7AD-3BFF-3AE1-8431-3D3630C93580} = {E31B5983-05C4-3969-AA45-286AAE3911BD}
	EndGlobalSection
	GlobalSection(ExtensibilityGlobals) = postSolution
		SolutionGuid = {3BB28AFB-7B80-339C-8353-4BB612FF0942}
	EndGlobalSection
	GlobalSection(ExtensibilityAddIns) = postSolution
	EndGlobalSection
EndGlobal
